
Microsoft Visual Studio Solution File, Format Version 12.00
# Visual Studio 2017
Project("{FAE04EC0-301F-11D3-BF4B-00C04F79EFBC}") = "brain", "brain.csproj", "{92B11625-4EC9-C336-89F6-3466A043A60C}"
EndProject
Project("{FAE04EC0-301F-11D3-BF4B-00C04F79EFBC}") = "brain.Editor", "brain.Editor.csproj", "{5A0CFE67-6566-2D33-FE2E-D0CEE2E90103}"
EndProject
Global
	GlobalSection(SolutionConfigurationPlatforms) = preSolution
		Debug|Any CPU = Debug|Any CPU
		Release|Any CPU = Release|Any CPU
	EndGlobalSection
	GlobalSection(ProjectConfigurationPlatforms) = postSolution
		{92B11625-4EC9-C336-89F6-3466A043A60C}.Debug|Any CPU.ActiveCfg = Debug|Any CPU
		{92B11625-4EC9-C336-89F6-3466A043A60C}.Debug|Any CPU.Build.0 = Debug|Any CPU
		{92B11625-4EC9-C336-89F6-3466A043A60C}.Release|Any CPU.ActiveCfg = Release|Any CPU
		{92B11625-4EC9-C336-89F6-3466A043A60C}.Release|Any CPU.Build.0 = Release|Any CPU
		{5A0CFE67-6566-2D33-FE2E-D0CEE2E90103}.Debug|Any CPU.ActiveCfg = Debug|Any CPU
		{5A0CFE67-6566-2D33-FE2E-D0CEE2E90103}.Debug|Any CPU.Build.0 = Debug|Any CPU
		{5A0CFE67-6566-2D33-FE2E-D0CEE2E90103}.Release|Any CPU.ActiveCfg = Release|Any CPU
		{5A0CFE67-6566-2D33-FE2E-D0CEE2E90103}.Release|Any CPU.Build.0 = Release|Any CPU
	EndGlobalSection
	GlobalSection(SolutionProperties) = preSolution
		HideSolutionNode = FALSE
	EndGlobalSection
EndGlobal
