
Microsoft Visual Studio Solution File, Format Version 12.00
# Visual Studio 2017
Project("{FAE04EC0-301F-11D3-BF4B-00C04F79EFBC}") = "brain - V3", "brain - V3.csproj", "{AD285DF8-9E80-693F-545C-0DF4FE8A24E3}"
EndProject
Project("{FAE04EC0-301F-11D3-BF4B-00C04F79EFBC}") = "brain - V3.Editor", "brain - V3.Editor.csproj", "{139BBAD5-0C30-9F82-9286-FA844BCA088E}"
EndProject
Global
	GlobalSection(SolutionConfigurationPlatforms) = preSolution
		Debug|Any CPU = Debug|Any CPU
		Release|Any CPU = Release|Any CPU
	EndGlobalSection
	GlobalSection(ProjectConfigurationPlatforms) = postSolution
		{AD285DF8-9E80-693F-545C-0DF4FE8A24E3}.Debug|Any CPU.ActiveCfg = Debug|Any CPU
		{AD285DF8-9E80-693F-545C-0DF4FE8A24E3}.Debug|Any CPU.Build.0 = Debug|Any CPU
		{AD285DF8-9E80-693F-545C-0DF4FE8A24E3}.Release|Any CPU.ActiveCfg = Release|Any CPU
		{AD285DF8-9E80-693F-545C-0DF4FE8A24E3}.Release|Any CPU.Build.0 = Release|Any CPU
		{139BBAD5-0C30-9F82-9286-FA844BCA088E}.Debug|Any CPU.ActiveCfg = Debug|Any CPU
		{139BBAD5-0C30-9F82-9286-FA844BCA088E}.Debug|Any CPU.Build.0 = Debug|Any CPU
		{139BBAD5-0C30-9F82-9286-FA844BCA088E}.Release|Any CPU.ActiveCfg = Release|Any CPU
		{139BBAD5-0C30-9F82-9286-FA844BCA088E}.Release|Any CPU.Build.0 = Release|Any CPU
	EndGlobalSection
	GlobalSection(SolutionProperties) = preSolution
		HideSolutionNode = FALSE
	EndGlobalSection
EndGlobal
